
Microsoft Visual Studio Solution File, Format Version 12.00
# Visual Studio Version 16
VisualStudioVersion = 16.0.30413.136
MinimumVisualStudioVersion = 10.0.40219.1
Project("{FAE04EC0-301F-11D3-BF4B-00C04F79EFBC}") = "Fignum.WebApplication", "Fignum.WebApplication\Fignum.WebApplication.csproj", "{AE88631B-87A9-49D9-BEAD-5376FD5D6395}"
EndProject
Project("{2150E333-8FDC-42A3-9474-1A3956D46DE8}") = "Src", "Src", "{82C800FB-DF8A-4C2D-A23C-E0B26287A0C9}"
EndProject
Project("{2150E333-8FDC-42A3-9474-1A3956D46DE8}") = "WebApp", "WebApp", "{B1B71B49-3EA8-4B69-BC4C-E0D761CD1F55}"
EndProject
Project("{2150E333-8FDC-42A3-9474-1A3956D46DE8}") = "Core", "Core", "{26AD4CD2-8F8E-4AE4-B667-B2D5411C260E}"
EndProject
Project("{FAE04EC0-301F-11D3-BF4B-00C04F79EFBC}") = "CoreServices", "CoreServices\CoreServices.csproj", "{37A18EF1-56CA-426D-8684-0CCEBCA29571}"
EndProject
Project("{FAE04EC0-301F-11D3-BF4B-00C04F79EFBC}") = "Core.Interfaces", "Core.Interfaces\Core.Interfaces.csproj", "{2DA749F9-DA30-4BF2-8BF9-EAD7E92CB5D5}"
EndProject
Global
	GlobalSection(SolutionConfigurationPlatforms) = preSolution
		Debug|Any CPU = Debug|Any CPU
		Release|Any CPU = Release|Any CPU
	EndGlobalSection
	GlobalSection(ProjectConfigurationPlatforms) = postSolution
		{AE88631B-87A9-49D9-BEAD-5376FD5D6395}.Debug|Any CPU.ActiveCfg = Debug|Any CPU
		{AE88631B-87A9-49D9-BEAD-5376FD5D6395}.Debug|Any CPU.Build.0 = Debug|Any CPU
		{AE88631B-87A9-49D9-BEAD-5376FD5D6395}.Release|Any CPU.ActiveCfg = Release|Any CPU
		{AE88631B-87A9-49D9-BEAD-5376FD5D6395}.Release|Any CPU.Build.0 = Release|Any CPU
		{37A18EF1-56CA-426D-8684-0CCEBCA29571}.Debug|Any CPU.ActiveCfg = Debug|Any CPU
		{37A18EF1-56CA-426D-8684-0CCEBCA29571}.Debug|Any CPU.Build.0 = Debug|Any CPU
		{37A18EF1-56CA-426D-8684-0CCEBCA29571}.Release|Any CPU.ActiveCfg = Release|Any CPU
		{37A18EF1-56CA-426D-8684-0CCEBCA29571}.Release|Any CPU.Build.0 = Release|Any CPU
		{2DA749F9-DA30-4BF2-8BF9-EAD7E92CB5D5}.Debug|Any CPU.ActiveCfg = Debug|Any CPU
		{2DA749F9-DA30-4BF2-8BF9-EAD7E92CB5D5}.Debug|Any CPU.Build.0 = Debug|Any CPU
		{2DA749F9-DA30-4BF2-8BF9-EAD7E92CB5D5}.Release|Any CPU.ActiveCfg = Release|Any CPU
		{2DA749F9-DA30-4BF2-8BF9-EAD7E92CB5D5}.Release|Any CPU.Build.0 = Release|Any CPU
	EndGlobalSection
	GlobalSection(SolutionProperties) = preSolution
		HideSolutionNode = FALSE
	EndGlobalSection
	GlobalSection(NestedProjects) = preSolution
		{AE88631B-87A9-49D9-BEAD-5376FD5D6395} = {B1B71B49-3EA8-4B69-BC4C-E0D761CD1F55}
		{B1B71B49-3EA8-4B69-BC4C-E0D761CD1F55} = {82C800FB-DF8A-4C2D-A23C-E0B26287A0C9}
		{26AD4CD2-8F8E-4AE4-B667-B2D5411C260E} = {82C800FB-DF8A-4C2D-A23C-E0B26287A0C9}
		{37A18EF1-56CA-426D-8684-0CCEBCA29571} = {26AD4CD2-8F8E-4AE4-B667-B2D5411C260E}
		{2DA749F9-DA30-4BF2-8BF9-EAD7E92CB5D5} = {26AD4CD2-8F8E-4AE4-B667-B2D5411C260E}
	EndGlobalSection
	GlobalSection(ExtensibilityGlobals) = postSolution
		SolutionGuid = {F7E50C39-B9D8-407C-9DC9-C3594DDD42A5}
	EndGlobalSection
EndGlobal
